{
  "generated_at": "2026-03-19T12:07:26.999185Z",
  "generator": "ailang lock dev",
  "packages": [
    {
      "content_hash": "sha256:1422d62771b9cf193d9f96d1aa78832c7e788d66f96536a3f1bca24fc47fbb4a",
      "effects": [],
      "exports": [
        "demo/mathlib/core"
      ],
      "name": "demo/mathlib",
      "path": "/Users/mark/dev/sunholo/ailang/examples/runnable/package_demo/mathlib",
      "source": "path",
      "version": "0.1.0"
    }
  ],
  "schema": "ailang.lock/v1",
  "schema_version": "1.0.0"
}
